
Microsoft Visual Studio Solution File, Format Version 12.00
# Visual Studio Version 16
VisualStudioVersion = 16.0.31702.278
MinimumVisualStudioVersion = 10.0.40219.1
Project("{FAE04EC0-301F-11D3-BF4B-00C04F79EFBC}") = "MineSweeper", "MineSweeper\MineSweeper.csproj", "{414C985A-EA81-4A22-8DC5-2D0F059AE5C9}"
EndProject
Global
	GlobalSection(SolutionConfigurationPlatforms) = preSolution
		Debug|Any CPU = Debug|Any CPU
		Release|Any CPU = Release|Any CPU
	EndGlobalSection
	GlobalSection(ProjectConfigurationPlatforms) = postSolution
		{414C985A-EA81-4A22-8DC5-2D0F059AE5C9}.Debug|Any CPU.ActiveCfg = Debug|Any CPU
		{414C985A-EA81-4A22-8DC5-2D0F059AE5C9}.Debug|Any CPU.Build.0 = Debug|Any CPU
		{414C985A-EA81-4A22-8DC5-2D0F059AE5C9}.Release|Any CPU.ActiveCfg = Release|Any CPU
		{414C985A-EA81-4A22-8DC5-2D0F059AE5C9}.Release|Any CPU.Build.0 = Release|Any CPU
	EndGlobalSection
	GlobalSection(SolutionProperties) = preSolution
		HideSolutionNode = FALSE
	EndGlobalSection
	GlobalSection(ExtensibilityGlobals) = postSolution
		SolutionGuid = {1F674F1D-D338-4203-AA7D-07FF45E96D8B}
	EndGlobalSection
EndGlobal
